
Microsoft Visual Studio Solution File, Format Version 12.00
# Visual Studio Version 17
VisualStudioVersion = 17.2.32616.157
MinimumVisualStudioVersion = 10.0.40219.1
Project("{FAE04EC0-301F-11D3-BF4B-00C04F79EFBC}") = "BrainfuckInterpreter", "BrainfuckInterpreter.csproj", "{FF507375-88A9-4A6C-A5EE-1F2E6A79BB4F}"
EndProject
Global
	GlobalSection(SolutionConfigurationPlatforms) = preSolution
		Debug|Any CPU = Debug|Any CPU
		Release|Any CPU = Release|Any CPU
	EndGlobalSection
	GlobalSection(ProjectConfigurationPlatforms) = postSolution
		{FF507375-88A9-4A6C-A5EE-1F2E6A79BB4F}.Debug|Any CPU.ActiveCfg = Debug|Any CPU
		{FF507375-88A9-4A6C-A5EE-1F2E6A79BB4F}.Debug|Any CPU.Build.0 = Debug|Any CPU
		{FF507375-88A9-4A6C-A5EE-1F2E6A79BB4F}.Release|Any CPU.ActiveCfg = Release|Any CPU
		{FF507375-88A9-4A6C-A5EE-1F2E6A79BB4F}.Release|Any CPU.Build.0 = Release|Any CPU
	EndGlobalSection
	GlobalSection(SolutionProperties) = preSolution
		HideSolutionNode = FALSE
	EndGlobalSection
	GlobalSection(ExtensibilityGlobals) = postSolution
		SolutionGuid = {2F3364DF-360F-40A4-ADFE-1B4BBB8EC149}
	EndGlobalSection
EndGlobal
